# This file is autogenerated, do not edit; changes may be undone by the next 'dep ensure'.


[[projects]]
  name = "github.com/gizak/termui"
  packages = ["."]
  revision = "24acd523c756fd9728824cdfac66aad9d8982fb7"
  version = "v2.2.0"

[[projects]]
  name = "github.com/jszwedko/go-circleci"
  packages = ["."]
  revision = "0150d5f69b6fec5b54c699c832e1d6962c739529"
  version = "v0.2.0"

[[projects]]
  name = "github.com/maruel/panicparse"
  packages = ["stack"]
  revision = "785840568bdc7faa0dfb1cd6c643207f03271f64"
  version = "v1.1.1"

[[projects]]
  name = "github.com/mattn/go-runewidth"
  packages = ["."]
  revision = "9e777a8366cce605130a531d2cd6363d07ad7317"
  version = "v0.0.2"

[[projects]]
  branch = "master"
  name = "github.com/mitchellh/go-wordwrap"
  packages = ["."]
  revision = "ad45545899c7b13c020ea92b2072220eefad42b8"

[[projects]]
  branch = "master"
  name = "github.com/nsf/termbox-go"
  packages = ["."]
  revision = "e2050e41c8847748ec5288741c0b19a8cb26d084"

[[projects]]
  name = "github.com/sergi/go-diff"
  packages = ["diffmatchpatch"]
  revision = "1744e2970ca51c86172c8190fadad617561ed6e7"
  version = "v1.0.0"

[[projects]]
  name = "github.com/src-d/go-git"
  packages = ["."]
  revision = "02c228585e543413479ea36d3a2bbc80a070eb93"
  version = "v3.2.0"

[[projects]]
  branch = "master"
  name = "golang.org/x/crypto"
  packages = [
    "curve25519",
    "ed25519",
    "ed25519/internal/edwards25519",
    "internal/chacha20",
    "poly1305",
    "ssh"
  ]
  revision = "88942b9c40a4c9d203b82b3731787b672d6e809b"

[[projects]]
  name = "gopkg.in/sourcegraph/go-vcsurl.v1"
  packages = ["."]
  revision = "6b12603ea6fd7f84b8c90118face09df39ea10c6"
  version = "v1"

[[projects]]
  name = "gopkg.in/src-d/go-git.v3"
  packages = [
    "clients",
    "clients/common",
    "clients/http",
    "clients/ssh",
    "core",
    "diff",
    "formats/idxfile",
    "formats/packfile",
    "formats/pktline",
    "storage/memory",
    "storage/seekable",
    "storage/seekable/internal/gitdir",
    "storage/seekable/internal/index",
    "utils/fs"
  ]
  revision = "02c228585e543413479ea36d3a2bbc80a070eb93"
  version = "v3.2.0"

[solve-meta]
  analyzer-name = "dep"
  analyzer-version = 1
  inputs-digest = "c1fa9608fda3b088027e7e7d731f6ac828e54fa357bf7ca05076831c9e09c196"
  solver-name = "gps-cdcl"
  solver-version = 1
